
Microsoft Visual Studio Solution File, Format Version 12.00
Project("{2150E333-8FDC-42A3-9474-1A3956D46DE8}") = "Server", "Server", "{9FFE970F-0DD0-4640-887F-0817B573A1D4}"
EndProject
Project("{FAE04EC0-301F-11D3-BF4B-00C04F79EFBC}") = "Entities", "Server\Entities\Entities.csproj", "{5D88C773-4184-49DF-BD11-F94D80A95C55}"
EndProject
Project("{FAE04EC0-301F-11D3-BF4B-00C04F79EFBC}") = "RepositoryContracts", "Server\RepositoryContracts\RepositoryContracts.csproj", "{BA0ED68B-078A-4DA7-B293-1453AF00411F}"
EndProject
Project("{FAE04EC0-301F-11D3-BF4B-00C04F79EFBC}") = "InMemoryRepositories", "Server\InMemoryRepositories\InMemoryRepositories.csproj", "{0EFC81A6-6C82-4146-B46A-0D852C540D38}"
EndProject
Project("{FAE04EC0-301F-11D3-BF4B-00C04F79EFBC}") = "CLI", "Server\CLI\CLI.csproj", "{3A6862ED-DA69-4989-AE2E-FC0B6A214626}"
EndProject
Project("{FAE04EC0-301F-11D3-BF4B-00C04F79EFBC}") = "FileRepositories", "Server\FileRepositories\FileRepositories.csproj", "{9932EB3A-16EC-4891-AD33-97D556EA1FA5}"
EndProject
Project("{2150E333-8FDC-42A3-9474-1A3956D46DE8}") = "Shared", "Shared", "{C9D95053-63D3-4610-8846-C821A258BEF1}"
EndProject
Project("{FAE04EC0-301F-11D3-BF4B-00C04F79EFBC}") = "ApiContract", "Shared\ApiContract\ApiContract.csproj", "{F242456D-220E-48E9-A822-ECE348E6B444}"
EndProject
Project("{FAE04EC0-301F-11D3-BF4B-00C04F79EFBC}") = "WebAPI", "Server\WebAPI\WebAPI.csproj", "{3646D0E8-6527-4B30-B89D-3D7A95A73EB9}"
EndProject
Project("{2150E333-8FDC-42A3-9474-1A3956D46DE8}") = "Client", "Client", "{B9F5D5FC-85CE-4808-8789-972F6EB8D1B7}"
EndProject
Project("{FAE04EC0-301F-11D3-BF4B-00C04F79EFBC}") = "BlazorApp", "BlazorApp\BlazorApp.csproj", "{6476F1BD-349A-4EFF-A2E2-BDF661E5A235}"
EndProject
Global
	GlobalSection(SolutionConfigurationPlatforms) = preSolution
		Debug|Any CPU = Debug|Any CPU
		Release|Any CPU = Release|Any CPU
	EndGlobalSection
	GlobalSection(NestedProjects) = preSolution
		{5D88C773-4184-49DF-BD11-F94D80A95C55} = {9FFE970F-0DD0-4640-887F-0817B573A1D4}
		{BA0ED68B-078A-4DA7-B293-1453AF00411F} = {9FFE970F-0DD0-4640-887F-0817B573A1D4}
		{0EFC81A6-6C82-4146-B46A-0D852C540D38} = {9FFE970F-0DD0-4640-887F-0817B573A1D4}
		{3A6862ED-DA69-4989-AE2E-FC0B6A214626} = {9FFE970F-0DD0-4640-887F-0817B573A1D4}
		{9932EB3A-16EC-4891-AD33-97D556EA1FA5} = {9FFE970F-0DD0-4640-887F-0817B573A1D4}
		{F242456D-220E-48E9-A822-ECE348E6B444} = {C9D95053-63D3-4610-8846-C821A258BEF1}
		{3646D0E8-6527-4B30-B89D-3D7A95A73EB9} = {9FFE970F-0DD0-4640-887F-0817B573A1D4}
		{6476F1BD-349A-4EFF-A2E2-BDF661E5A235} = {B9F5D5FC-85CE-4808-8789-972F6EB8D1B7}
	EndGlobalSection
	GlobalSection(ProjectConfigurationPlatforms) = postSolution
		{5D88C773-4184-49DF-BD11-F94D80A95C55}.Debug|Any CPU.ActiveCfg = Debug|Any CPU
		{5D88C773-4184-49DF-BD11-F94D80A95C55}.Debug|Any CPU.Build.0 = Debug|Any CPU
		{5D88C773-4184-49DF-BD11-F94D80A95C55}.Release|Any CPU.ActiveCfg = Release|Any CPU
		{5D88C773-4184-49DF-BD11-F94D80A95C55}.Release|Any CPU.Build.0 = Release|Any CPU
		{BA0ED68B-078A-4DA7-B293-1453AF00411F}.Debug|Any CPU.ActiveCfg = Debug|Any CPU
		{BA0ED68B-078A-4DA7-B293-1453AF00411F}.Debug|Any CPU.Build.0 = Debug|Any CPU
		{BA0ED68B-078A-4DA7-B293-1453AF00411F}.Release|Any CPU.ActiveCfg = Release|Any CPU
		{BA0ED68B-078A-4DA7-B293-1453AF00411F}.Release|Any CPU.Build.0 = Release|Any CPU
		{0EFC81A6-6C82-4146-B46A-0D852C540D38}.Debug|Any CPU.ActiveCfg = Debug|Any CPU
		{0EFC81A6-6C82-4146-B46A-0D852C540D38}.Debug|Any CPU.Build.0 = Debug|Any CPU
		{0EFC81A6-6C82-4146-B46A-0D852C540D38}.Release|Any CPU.ActiveCfg = Release|Any CPU
		{0EFC81A6-6C82-4146-B46A-0D852C540D38}.Release|Any CPU.Build.0 = Release|Any CPU
		{3A6862ED-DA69-4989-AE2E-FC0B6A214626}.Debug|Any CPU.ActiveCfg = Debug|Any CPU
		{3A6862ED-DA69-4989-AE2E-FC0B6A214626}.Debug|Any CPU.Build.0 = Debug|Any CPU
		{3A6862ED-DA69-4989-AE2E-FC0B6A214626}.Release|Any CPU.ActiveCfg = Release|Any CPU
		{3A6862ED-DA69-4989-AE2E-FC0B6A214626}.Release|Any CPU.Build.0 = Release|Any CPU
		{9932EB3A-16EC-4891-AD33-97D556EA1FA5}.Debug|Any CPU.ActiveCfg = Debug|Any CPU
		{9932EB3A-16EC-4891-AD33-97D556EA1FA5}.Debug|Any CPU.Build.0 = Debug|Any CPU
		{9932EB3A-16EC-4891-AD33-97D556EA1FA5}.Release|Any CPU.ActiveCfg = Release|Any CPU
		{9932EB3A-16EC-4891-AD33-97D556EA1FA5}.Release|Any CPU.Build.0 = Release|Any CPU
		{F242456D-220E-48E9-A822-ECE348E6B444}.Debug|Any CPU.ActiveCfg = Debug|Any CPU
		{F242456D-220E-48E9-A822-ECE348E6B444}.Debug|Any CPU.Build.0 = Debug|Any CPU
		{F242456D-220E-48E9-A822-ECE348E6B444}.Release|Any CPU.ActiveCfg = Release|Any CPU
		{F242456D-220E-48E9-A822-ECE348E6B444}.Release|Any CPU.Build.0 = Release|Any CPU
		{3646D0E8-6527-4B30-B89D-3D7A95A73EB9}.Debug|Any CPU.ActiveCfg = Debug|Any CPU
		{3646D0E8-6527-4B30-B89D-3D7A95A73EB9}.Debug|Any CPU.Build.0 = Debug|Any CPU
		{3646D0E8-6527-4B30-B89D-3D7A95A73EB9}.Release|Any CPU.ActiveCfg = Release|Any CPU
		{3646D0E8-6527-4B30-B89D-3D7A95A73EB9}.Release|Any CPU.Build.0 = Release|Any CPU
		{6476F1BD-349A-4EFF-A2E2-BDF661E5A235}.Debug|Any CPU.ActiveCfg = Debug|Any CPU
		{6476F1BD-349A-4EFF-A2E2-BDF661E5A235}.Debug|Any CPU.Build.0 = Debug|Any CPU
		{6476F1BD-349A-4EFF-A2E2-BDF661E5A235}.Release|Any CPU.ActiveCfg = Release|Any CPU
		{6476F1BD-349A-4EFF-A2E2-BDF661E5A235}.Release|Any CPU.Build.0 = Release|Any CPU
	EndGlobalSection
EndGlobal
